github.com/FX-KNUT/fc-/backend/database v0.0.0-20211126145401-28d087d7aa69 h1:z/B04B0J1nlGQmDndBDxrytkOX6f5Vju2QWL7nvYOD8=
github.com/FX-KNUT/fc-/backend/database v0.0.0-20211126145401-28d087d7aa69/go.mod h1:V6H74LGkusbx6OK7X3omMYaStxTACAiomZuvuU51hOw=
github.com/go-sql-driver/mysql v1.6.0 h1:BCTh4TKNUYmOmMUcQ3IipzF5prigylS7XXjEkfCHuOE=
github.com/go-sql-driver/mysql v1.6.0/go.mod h1:DCzpHaOWr8IXmIStZouvnhqoel9Qv2LBy8hT2VhHyBg=
