github.com/FX-KNUT/fc-/backend/database v0.0.0-20211203113829-82e7270bfa7c h1:GIacmTBy5mJ9ym/fqiku4pQLVEf9+E3mAq3a1yFMBGc=
github.com/FX-KNUT/fc-/backend/database v0.0.0-20211203113829-82e7270bfa7c/go.mod h1:7TAMsterraDYNh4uTq/B4vvZ7QFCTAtjtx9Iiqt77PE=
github.com/go-sql-driver/mysql v1.6.0 h1:BCTh4TKNUYmOmMUcQ3IipzF5prigylS7XXjEkfCHuOE=
github.com/go-sql-driver/mysql v1.6.0/go.mod h1:DCzpHaOWr8IXmIStZouvnhqoel9Qv2LBy8hT2VhHyBg=
